# This file is generated by running "yarn install" inside your project.
# Manual changes might be lost - proceed with caution!

__metadata:
  version: 4
  cacheKey: 7

"@redux-ts-starter-kit/slice@workspace:.":
  version: 0.0.0-use.local
  resolution: "@redux-ts-starter-kit/slice@workspace:."
  dependencies:
    immer: ^9.0.5
    memoize-state: ^2.0.15
  languageName: unknown
  linkType: soft

"crc-32@npm:^1.2.0":
  version: 1.2.0
  resolution: "crc-32@npm:1.2.0"
  dependencies:
    exit-on-epipe: ~1.0.1
    printj: ~1.1.0
  bin:
    crc32: ./bin/crc32.njs
  checksum: 5a283cacfce357fec1f4fefce7c2293887b49acad3034c2a35928522e6c8a85504ed51f211681400faf390081b619dfa8e1878458517921cdcf736c48d0555d9
  languageName: node
  linkType: hard

"exit-on-epipe@npm:~1.0.1":
  version: 1.0.1
  resolution: "exit-on-epipe@npm:1.0.1"
  checksum: 24b604747458c0c9b719934d2af91bc78dc381e9296b8ee3887dd68e8f35500090b453335e9f0b392c0295562da1873c05dcbc77d29e6eea75a32bbef19adf53
  languageName: node
  linkType: hard

"function-double@npm:^1.0.4":
  version: 1.0.4
  resolution: "function-double@npm:1.0.4"
  dependencies:
    util-arity: ^1.1.0
  checksum: 58069f9a1c616678b05f991ee9d4cfe93cb1c9c925556275ded079abc6b479dd64d21a8d6d4e30a89d4b82f61f201b2f506f9210cca7382b631d0ca4046ab7bf
  languageName: node
  linkType: hard

"immer@npm:^9.0.5":
  version: 9.0.5
  resolution: "immer@npm:9.0.5"
  checksum: a7fa984fa1887a33ce6d44a7a505fd5ac76009336d8b1c99d34f59aaefc28aadf93ab1e5db27513acd15be454a8a89d8151e915d9b0b6e86e72acbd28218410b
  languageName: node
  linkType: hard

"memoize-state@npm:^2.0.15":
  version: 2.0.15
  resolution: "memoize-state@npm:2.0.15"
  dependencies:
    function-double: ^1.0.4
    proxyequal: ^2.1.0
  checksum: 6f4a148eed2f7d393ae4596a6c2e808b50c38a2a5ef67d5c54dc2447fdc40268645ad4bd12e71b86ac6dfbfde46708ff20522e3c689ba4b8d36fb37158ab251a
  languageName: node
  linkType: hard

"printj@npm:~1.1.0":
  version: 1.1.2
  resolution: "printj@npm:1.1.2"
  bin:
    printj: ./bin/printj.njs
  checksum: ee774aa5957a57474f078fca1e9a41a10aac35e9b1ce9b2e2ecdb832f58fd21b1601075441dca633f582c881cca6c60308bf8505e6ab06305181be241bd47241
  languageName: node
  linkType: hard

"proxyequal@npm:^2.1.0":
  version: 2.1.3
  resolution: "proxyequal@npm:2.1.3"
  dependencies:
    crc-32: ^1.2.0
    search-trie: ^1.1.0
  checksum: 5b3268bf63dc1cdbc6fb8e04a399847214912af190f5405843362d506d4378c37921ef54b474eafbbc235a99861dcefd5889bb5773704651caa4b62c5afe46b0
  languageName: node
  linkType: hard

"search-trie@npm:^1.1.0":
  version: 1.1.0
  resolution: "search-trie@npm:1.1.0"
  checksum: 3add3bdb2547aea5a25465711358054e57b4cb43b27512b3782e53098018445e3aeec9e582f5f20117518ac0fb9383c60156cc4d213070dcf70688f7fa7ad3b8
  languageName: node
  linkType: hard

"util-arity@npm:^1.1.0":
  version: 1.1.0
  resolution: "util-arity@npm:1.1.0"
  checksum: a7eed425be24af2d54840f3228a8011c85b621b46ccbce20f3e05499e4b219f5c76b11226d32d963e501a848b1452948909c146f642ce89ac58e830bd9fc5da8
  languageName: node
  linkType: hard
