# This file is generated by running "yarn install" inside your project.
# Manual changes might be lost - proceed with caution!

__metadata:
  version: 4
  cacheKey: 7

"@redux-ts-starter-kit/core@workspace:.":
  version: 0.0.0-use.local
  resolution: "@redux-ts-starter-kit/core@workspace:."
  dependencies:
    redux: ^4.0.1
    redux-devtools-extension: ^2.13.9
    redux-immutable-state-invariant: ^2.1.0
    redux-thunk: ^2.3.0
  languageName: unknown
  linkType: soft

"invariant@npm:^2.1.0":
  version: 2.2.4
  resolution: "invariant@npm:2.2.4"
  dependencies:
    loose-envify: ^1.0.0
  checksum: 96d8a2a4f0ad21020c5847546fc36bec5c0870d99f071aaa93df00c1036439d48211a1823ab6128f78a15ccc4c4f62baf6a65f6c0ed489270dd44d0a04f443a1
  languageName: node
  linkType: hard

"js-tokens@npm:^3.0.0 || ^4.0.0":
  version: 4.0.0
  resolution: "js-tokens@npm:4.0.0"
  checksum: 1fc4e4667ac2d972aba65148b9cbf9c17566b2394d3504238d8492bbd3e68f496c657eab06b26b40b17db5cac0a34d153a12130e2d2d2bb6dc2cdc8a4764eb1b
  languageName: node
  linkType: hard

"json-stringify-safe@npm:^5.0.1":
  version: 5.0.1
  resolution: "json-stringify-safe@npm:5.0.1"
  checksum: 261dfb8eb3e72c8b0dda11fd7c20c151ffc1d1b03e529245d51708c8dd8d8c6a225880464adf41a570dff6e5c805fd9d1f47fed948cfb526e4fbe5a67ce4e5f4
  languageName: node
  linkType: hard

"loose-envify@npm:^1.0.0, loose-envify@npm:^1.4.0":
  version: 1.4.0
  resolution: "loose-envify@npm:1.4.0"
  dependencies:
    js-tokens: ^3.0.0 || ^4.0.0
  bin:
    loose-envify: cli.js
  checksum: 5c3b47bbe5f597a3889fb001a3a98aaea2a3fafa48089c19034de1e0121bf57dbee609d184478514d74d5c5a7e9cfa3d846343455e5123b060040d46c39e91dc
  languageName: node
  linkType: hard

"redux-devtools-extension@npm:^2.13.9":
  version: 2.13.9
  resolution: "redux-devtools-extension@npm:2.13.9"
  peerDependencies:
    redux: ^3.1.0 || ^4.0.0
  checksum: ed3d28384887b38f4ed7471bd1f47fffe9d6798eca87d0db7cff115a90a6618780ab9a3a14ce6b9a27633abda6b48fb386a1d63bd182e6658648475399ff7af9
  languageName: node
  linkType: hard

"redux-immutable-state-invariant@npm:^2.1.0":
  version: 2.1.0
  resolution: "redux-immutable-state-invariant@npm:2.1.0"
  dependencies:
    invariant: ^2.1.0
    json-stringify-safe: ^5.0.1
  checksum: 135bad2c2bab5a99ce857f12f2d5ef90d1ccf1da0a8735dc5209ad4fe89e9e76df0b26e8938e43d1ee85281052b5bd5ae4dac692d90a42cd971e4ad5c9410555
  languageName: node
  linkType: hard

"redux-thunk@npm:^2.3.0":
  version: 2.3.0
  resolution: "redux-thunk@npm:2.3.0"
  checksum: 2d7210b88cef244384ab15bfe0c0f79a7d5a2fe059825da121121ec75378b175860695fafd5265386a0fd4b86212cc49e5972825f7bc9f803ad8753229f0258b
  languageName: node
  linkType: hard

"redux@npm:^4.0.1":
  version: 4.0.1
  resolution: "redux@npm:4.0.1"
  dependencies:
    loose-envify: ^1.4.0
    symbol-observable: ^1.2.0
  checksum: 6c7bba12d7f0daf8082674e24c9a35b3079b367c5328fc99c814f4bef9a899f23582ecbd13920c27c4700b88fd754e2089767eab6d83888776df242a403898cf
  languageName: node
  linkType: hard

"symbol-observable@npm:^1.2.0":
  version: 1.2.0
  resolution: "symbol-observable@npm:1.2.0"
  checksum: 268834a1d4cba19d40f367e5c2755f612969c8418e43a3be17408e392802a667f8bb542893440d58a080a8ea8da05ea98e27e472b9f4ff6fbda78a21a1a41c53
  languageName: node
  linkType: hard
